
Microsoft Visual Studio Solution File, Format Version 12.00
# Visual Studio Version 16
VisualStudioVersion = 16.0.28803.156
MinimumVisualStudioVersion = 10.0.40219.1
Project("{FAE04EC0-301F-11D3-BF4B-00C04F79EFBC}") = "Aviato", "Aviato\Aviato.csproj", "{24547140-BA53-4C5F-A1E6-D66F634626C9}"
EndProject
Global
	GlobalSection(SolutionConfigurationPlatforms) = preSolution
		Debug|Any CPU = Debug|Any CPU
		Release|Any CPU = Release|Any CPU
	EndGlobalSection
	GlobalSection(ProjectConfigurationPlatforms) = postSolution
		{24547140-BA53-4C5F-A1E6-D66F634626C9}.Debug|Any CPU.ActiveCfg = Debug|Any CPU
		{24547140-BA53-4C5F-A1E6-D66F634626C9}.Debug|Any CPU.Build.0 = Debug|Any CPU
		{24547140-BA53-4C5F-A1E6-D66F634626C9}.Release|Any CPU.ActiveCfg = Release|Any CPU
		{24547140-BA53-4C5F-A1E6-D66F634626C9}.Release|Any CPU.Build.0 = Release|Any CPU
	EndGlobalSection
	GlobalSection(SolutionProperties) = preSolution
		HideSolutionNode = FALSE
	EndGlobalSection
	GlobalSection(ExtensibilityGlobals) = postSolution
		SolutionGuid = {3F03B945-15EB-49D2-9B2B-6926FA86E038}
	EndGlobalSection
EndGlobal
